
Microsoft Visual Studio Solution File, Format Version 12.00
# Visual Studio Version 17
VisualStudioVersion = 17.8.34330.188
MinimumVisualStudioVersion = 10.0.40219.1
Project("{FAE04EC0-301F-11D3-BF4B-00C04F79EFBC}") = "W5IntroToWPF", "W5IntroToWPF\W5IntroToWPF.csproj", "{DC0CD53E-3219-466A-A7AD-026107E9DC95}"
EndProject
Global
	GlobalSection(SolutionConfigurationPlatforms) = preSolution
		Debug|Any CPU = Debug|Any CPU
		Release|Any CPU = Release|Any CPU
	EndGlobalSection
	GlobalSection(ProjectConfigurationPlatforms) = postSolution
		{DC0CD53E-3219-466A-A7AD-026107E9DC95}.Debug|Any CPU.ActiveCfg = Debug|Any CPU
		{DC0CD53E-3219-466A-A7AD-026107E9DC95}.Debug|Any CPU.Build.0 = Debug|Any CPU
		{DC0CD53E-3219-466A-A7AD-026107E9DC95}.Release|Any CPU.ActiveCfg = Release|Any CPU
		{DC0CD53E-3219-466A-A7AD-026107E9DC95}.Release|Any CPU.Build.0 = Release|Any CPU
	EndGlobalSection
	GlobalSection(SolutionProperties) = preSolution
		HideSolutionNode = FALSE
	EndGlobalSection
	GlobalSection(ExtensibilityGlobals) = postSolution
		SolutionGuid = {2E02C0F5-0064-48BD-AFA8-1556669BE8FB}
	EndGlobalSection
EndGlobal
