
Microsoft Visual Studio Solution File, Format Version 12.00
# Visual Studio Version 17
VisualStudioVersion = 17.8.34330.188
MinimumVisualStudioVersion = 10.0.40219.1
Project("{FAE04EC0-301F-11D3-BF4B-00C04F79EFBC}") = "W1CSharpFundamental", "W1CSharpFundamental\W1CSharpFundamental.csproj", "{EE16606E-52E0-4152-82B8-021DD06991B6}"
EndProject
Global
	GlobalSection(SolutionConfigurationPlatforms) = preSolution
		Debug|Any CPU = Debug|Any CPU
		Release|Any CPU = Release|Any CPU
	EndGlobalSection
	GlobalSection(ProjectConfigurationPlatforms) = postSolution
		{EE16606E-52E0-4152-82B8-021DD06991B6}.Debug|Any CPU.ActiveCfg = Debug|Any CPU
		{EE16606E-52E0-4152-82B8-021DD06991B6}.Debug|Any CPU.Build.0 = Debug|Any CPU
		{EE16606E-52E0-4152-82B8-021DD06991B6}.Release|Any CPU.ActiveCfg = Release|Any CPU
		{EE16606E-52E0-4152-82B8-021DD06991B6}.Release|Any CPU.Build.0 = Release|Any CPU
	EndGlobalSection
	GlobalSection(SolutionProperties) = preSolution
		HideSolutionNode = FALSE
	EndGlobalSection
	GlobalSection(ExtensibilityGlobals) = postSolution
		SolutionGuid = {5C44BA01-19DD-41AE-86A6-00D5259BCC3B}
	EndGlobalSection
EndGlobal
