
Microsoft Visual Studio Solution File, Format Version 12.00
# Visual Studio Version 17
VisualStudioVersion = 17.8.34330.188
MinimumVisualStudioVersion = 10.0.40219.1
Project("{FAE04EC0-301F-11D3-BF4B-00C04F79EFBC}") = "W4IntroToGenerics", "W4IntroToGenerics\W4IntroToGenerics.csproj", "{88B6C83A-063C-44B7-9866-EF82FB38A552}"
EndProject
Global
	GlobalSection(SolutionConfigurationPlatforms) = preSolution
		Debug|Any CPU = Debug|Any CPU
		Release|Any CPU = Release|Any CPU
	EndGlobalSection
	GlobalSection(ProjectConfigurationPlatforms) = postSolution
		{88B6C83A-063C-44B7-9866-EF82FB38A552}.Debug|Any CPU.ActiveCfg = Debug|Any CPU
		{88B6C83A-063C-44B7-9866-EF82FB38A552}.Debug|Any CPU.Build.0 = Debug|Any CPU
		{88B6C83A-063C-44B7-9866-EF82FB38A552}.Release|Any CPU.ActiveCfg = Release|Any CPU
		{88B6C83A-063C-44B7-9866-EF82FB38A552}.Release|Any CPU.Build.0 = Release|Any CPU
	EndGlobalSection
	GlobalSection(SolutionProperties) = preSolution
		HideSolutionNode = FALSE
	EndGlobalSection
	GlobalSection(ExtensibilityGlobals) = postSolution
		SolutionGuid = {330FF4A4-7EAB-416C-9511-3D877E66F888}
	EndGlobalSection
EndGlobal
